{
  "name": "forge",
  "version": "1.0.0",
  "lockfileVersion": 2,
  "requires": true,
  "packages": {
    "": {
      "version": "1.0.0",
      "license": "GPL-3.0",
      "dependencies": {
        "jst": "github:SKYCRATE-ltd/jst"
      }
    },
    "node_modules/jst": {
      "resolved": "git+ssh://git@github.com/SKYCRATE-ltd/jst.git#dc8c8666f8a77ee9ec5d83d3bb2c8cc0d1ff9de2"
    }
  },
  "dependencies": {
    "jst": {
      "version": "git+ssh://git@github.com/SKYCRATE-ltd/jst.git#dc8c8666f8a77ee9ec5d83d3bb2c8cc0d1ff9de2",
      "from": "jst@github:SKYCRATE-ltd/jst"
    }
  }
}
